// !$*UTF8*$!
{
	archiveVersion = 1;
	classes = {
	};
	objectVersion = 56;
	objects = {

/* Begin PBXBuildFile section */
		04EBAE042AE68D9D005B79C5 /* BTCtoUSDApp.swift in Sources */ = {isa = PBXBuildFile; fileRef = 04EBAE032AE68D9D005B79C5 /* BTCtoUSDApp.swift */; };
		04EBAE062AE68D9D005B79C5 /* ContentView.swift in Sources */ = {isa = PBXBuildFile; fileRef = 04EBAE052AE68D9D005B79C5 /* ContentView.swift */; };
		04EBAE082AE68D9F005B79C5 /* Assets.xcassets in Resources */ = {isa = PBXBuildFile; fileRef = 04EBAE072AE68D9F005B79C5 /* Assets.xcassets */; };
		04EBAE0B2AE68D9F005B79C5 /* Preview Assets.xcassets in Resources */ = {isa = PBXBuildFile; fileRef = 04EBAE0A2AE68D9F005B79C5 /* Preview Assets.xcassets */; };
		04EBAE122AE68DB2005B79C5 /* Converter.swift in Sources */ = {isa = PBXBuildFile; fileRef = 04EBAE112AE68DB2005B79C5 /* Converter.swift */; };
		04EBAE1A2AE68DF0005B79C5 /* BTCtoUSDTests.swift in Sources */ = {isa = PBXBuildFile; fileRef = 04EBAE192AE68DF0005B79C5 /* BTCtoUSDTests.swift */; };
		04EBAE212AE68E14005B79C5 /* Converter.swift in Sources */ = {isa = PBXBuildFile; fileRef = 04EBAE112AE68DB2005B79C5 /* Converter.swift */; };
		04EBAE292AE69D38005B79C5 /* BTCtoUSDUITests.swift in Sources */ = {isa = PBXBuildFile; fileRef = 04EBAE282AE69D38005B79C5 /* BTCtoUSDUITests.swift */; };
		04EBAE2B2AE69D38005B79C5 /* BTCtoUSDUITestsLaunchTests.swift in Sources */ = {isa = PBXBuildFile; fileRef = 04EBAE2A2AE69D38005B79C5 /* BTCtoUSDUITestsLaunchTests.swift */; };
/* End PBXBuildFile section */

/* Begin PBXContainerItemProxy section */
		04EBAE1B2AE68DF0005B79C5 /* PBXContainerItemProxy */ = {
			isa = PBXContainerItemProxy;
			containerPortal = 04EBADF82AE68D9D005B79C5 /* Project object */;
			proxyType = 1;
			remoteGlobalIDString = 04EBADFF2AE68D9D005B79C5;
			remoteInfo = BTCtoUSD;
		};
		04EBAE2C2AE69D38005B79C5 /* PBXContainerItemProxy */ = {
			isa = PBXContainerItemProxy;
			containerPortal = 04EBADF82AE68D9D005B79C5 /* Project object */;
			proxyType = 1;
			remoteGlobalIDString = 04EBADFF2AE68D9D005B79C5;
			remoteInfo = BTCtoUSD;
		};
/* End PBXContainerItemProxy section */

/* Begin PBXFileReference section */
		04EBAE002AE68D9D005B79C5 /* BTCtoUSD.app */ = {isa = PBXFileReference; explicitFileType = wrapper.application; includeInIndex = 0; path = BTCtoUSD.app; sourceTree = BUILT_PRODUCTS_DIR; };
		04EBAE032AE68D9D005B79C5 /* BTCtoUSDApp.swift */ = {isa = PBXFileReference; lastKnownFileType = sourcecode.swift; path = BTCtoUSDApp.swift; sourceTree = "<group>"; };
		04EBAE052AE68D9D005B79C5 /* ContentView.swift */ = {isa = PBXFileReference; lastKnownFileType = sourcecode.swift; path = ContentView.swift; sourceTree = "<group>"; };
		04EBAE072AE68D9F005B79C5 /* Assets.xcassets */ = {isa = PBXFileReference; lastKnownFileType = folder.assetcatalog; path = Assets.xcassets; sourceTree = "<group>"; };
		04EBAE0A2AE68D9F005B79C5 /* Preview Assets.xcassets */ = {isa = PBXFileReference; lastKnownFileType = folder.assetcatalog; path = "Preview Assets.xcassets"; sourceTree = "<group>"; };
		04EBAE112AE68DB2005B79C5 /* Converter.swift */ = {isa = PBXFileReference; lastKnownFileType = sourcecode.swift; path = Converter.swift; sourceTree = "<group>"; };
		04EBAE172AE68DEF005B79C5 /* BTCtoUSDTests.xctest */ = {isa = PBXFileReference; explicitFileType = wrapper.cfbundle; includeInIndex = 0; path = BTCtoUSDTests.xctest; sourceTree = BUILT_PRODUCTS_DIR; };
		04EBAE192AE68DF0005B79C5 /* BTCtoUSDTests.swift */ = {isa = PBXFileReference; lastKnownFileType = sourcecode.swift; path = BTCtoUSDTests.swift; sourceTree = "<group>"; };
		04EBAE262AE69D38005B79C5 /* BTCtoUSDUITests.xctest */ = {isa = PBXFileReference; explicitFileType = wrapper.cfbundle; includeInIndex = 0; path = BTCtoUSDUITests.xctest; sourceTree = BUILT_PRODUCTS_DIR; };
		04EBAE282AE69D38005B79C5 /* BTCtoUSDUITests.swift */ = {isa = PBXFileReference; lastKnownFileType = sourcecode.swift; path = BTCtoUSDUITests.swift; sourceTree = "<group>"; };
		04EBAE2A2AE69D38005B79C5 /* BTCtoUSDUITestsLaunchTests.swift */ = {isa = PBXFileReference; lastKnownFileType = sourcecode.swift; path = BTCtoUSDUITestsLaunchTests.swift; sourceTree = "<group>"; };
/* End PBXFileReference section */

/* Begin PBXFrameworksBuildPhase section */
		04EBADFD2AE68D9D005B79C5 /* Frameworks */ = {
			isa = PBXFrameworksBuildPhase;
			buildActionMask = 2147483647;
			files = (
			);
			runOnlyForDeploymentPostprocessing = 0;
		};
		04EBAE142AE68DEF005B79C5 /* Frameworks */ = {
			isa = PBXFrameworksBuildPhase;
			buildActionMask = 2147483647;
			files = (
			);
			runOnlyForDeploymentPostprocessing = 0;
		};
		04EBAE232AE69D38005B79C5 /* Frameworks */ = {
			isa = PBXFrameworksBuildPhase;
			buildActionMask = 2147483647;
			files = (
			);
			runOnlyForDeploymentPostprocessing = 0;
		};
/* End PBXFrameworksBuildPhase section */

/* Begin PBXGroup section */
		04EBADF72AE68D9D005B79C5 = {
			isa = PBXGroup;
			children = (
				04EBAE022AE68D9D005B79C5 /* BTCtoUSD */,
				04EBAE182AE68DF0005B79C5 /* BTCtoUSDTests */,
				04EBAE272AE69D38005B79C5 /* BTCtoUSDUITests */,
				04EBAE012AE68D9D005B79C5 /* Products */,
			);
			sourceTree = "<group>";
		};
		04EBAE012AE68D9D005B79C5 /* Products */ = {
			isa = PBXGroup;
			children = (
				04EBAE002AE68D9D005B79C5 /* BTCtoUSD.app */,
				04EBAE172AE68DEF005B79C5 /* BTCtoUSDTests.xctest */,
				04EBAE262AE69D38005B79C5 /* BTCtoUSDUITests.xctest */,
			);
			name = Products;
			sourceTree = "<group>";
		};
		04EBAE022AE68D9D005B79C5 /* BTCtoUSD */ = {
			isa = PBXGroup;
			children = (
				04EBAE032AE68D9D005B79C5 /* BTCtoUSDApp.swift */,
				04EBAE052AE68D9D005B79C5 /* ContentView.swift */,
				04EBAE112AE68DB2005B79C5 /* Converter.swift */,
				04EBAE072AE68D9F005B79C5 /* Assets.xcassets */,
				04EBAE092AE68D9F005B79C5 /* Preview Content */,
			);
			path = BTCtoUSD;
			sourceTree = "<group>";
		};
		04EBAE092AE68D9F005B79C5 /* Preview Content */ = {
			isa = PBXGroup;
			children = (
				04EBAE0A2AE68D9F005B79C5 /* Preview Assets.xcassets */,
			);
			path = "Preview Content";
			sourceTree = "<group>";
		};
		04EBAE182AE68DF0005B79C5 /* BTCtoUSDTests */ = {
			isa = PBXGroup;
			children = (
				04EBAE192AE68DF0005B79C5 /* BTCtoUSDTests.swift */,
			);
			path = BTCtoUSDTests;
			sourceTree = "<group>";
		};
		04EBAE272AE69D38005B79C5 /* BTCtoUSDUITests */ = {
			isa = PBXGroup;
			children = (
				04EBAE282AE69D38005B79C5 /* BTCtoUSDUITests.swift */,
				04EBAE2A2AE69D38005B79C5 /* BTCtoUSDUITestsLaunchTests.swift */,
			);
			path = BTCtoUSDUITests;
			sourceTree = "<group>";
		};
/* End PBXGroup section */

/* Begin PBXNativeTarget section */
		04EBADFF2AE68D9D005B79C5 /* BTCtoUSD */ = {
			isa = PBXNativeTarget;
			buildConfigurationList = 04EBAE0E2AE68D9F005B79C5 /* Build configuration list for PBXNativeTarget "BTCtoUSD" */;
			buildPhases = (
				04EBADFC2AE68D9D005B79C5 /* Sources */,
				04EBADFD2AE68D9D005B79C5 /* Frameworks */,
				04EBADFE2AE68D9D005B79C5 /* Resources */,
			);
			buildRules = (
			);
			dependencies = (
			);
			name = BTCtoUSD;
			productName = BTCtoUSD;
			productReference = 04EBAE002AE68D9D005B79C5 /* BTCtoUSD.app */;
			productType = "com.apple.product-type.application";
		};
		04EBAE162AE68DEF005B79C5 /* BTCtoUSDTests */ = {
			isa = PBXNativeTarget;
			buildConfigurationList = 04EBAE1D2AE68DF0005B79C5 /* Build configuration list for PBXNativeTarget "BTCtoUSDTests" */;
			buildPhases = (
				04EBAE132AE68DEF005B79C5 /* Sources */,
				04EBAE142AE68DEF005B79C5 /* Frameworks */,
				04EBAE152AE68DEF005B79C5 /* Resources */,
			);
			buildRules = (
			);
			dependencies = (
				04EBAE1C2AE68DF0005B79C5 /* PBXTargetDependency */,
			);
			name = BTCtoUSDTests;
			productName = BTCtoUSDTests;
			productReference = 04EBAE172AE68DEF005B79C5 /* BTCtoUSDTests.xctest */;
			productType = "com.apple.product-type.bundle.unit-test";
		};
		04EBAE252AE69D38005B79C5 /* BTCtoUSDUITests */ = {
			isa = PBXNativeTarget;
			buildConfigurationList = 04EBAE2E2AE69D38005B79C5 /* Build configuration list for PBXNativeTarget "BTCtoUSDUITests" */;
			buildPhases = (
				04EBAE222AE69D38005B79C5 /* Sources */,
				04EBAE232AE69D38005B79C5 /* Frameworks */,
				04EBAE242AE69D38005B79C5 /* Resources */,
			);
			buildRules = (
			);
			dependencies = (
				04EBAE2D2AE69D38005B79C5 /* PBXTargetDependency */,
			);
			name = BTCtoUSDUITests;
			productName = BTCtoUSDUITests;
			productReference = 04EBAE262AE69D38005B79C5 /* BTCtoUSDUITests.xctest */;
			productType = "com.apple.product-type.bundle.ui-testing";
		};
/* End PBXNativeTarget section */

/* Begin PBXProject section */
		04EBADF82AE68D9D005B79C5 /* Project object */ = {
			isa = PBXProject;
			attributes = {
				BuildIndependentTargetsInParallel = 1;
				LastSwiftUpdateCheck = 1500;
				LastUpgradeCheck = 1500;
				TargetAttributes = {
					04EBADFF2AE68D9D005B79C5 = {
						CreatedOnToolsVersion = 15.0.1;
					};
					04EBAE162AE68DEF005B79C5 = {
						CreatedOnToolsVersion = 15.0.1;
						TestTargetID = 04EBADFF2AE68D9D005B79C5;
					};
					04EBAE252AE69D38005B79C5 = {
						CreatedOnToolsVersion = 15.0.1;
						TestTargetID = 04EBADFF2AE68D9D005B79C5;
					};
				};
			};
			buildConfigurationList = 04EBADFB2AE68D9D005B79C5 /* Build configuration list for PBXProject "BTCtoUSD" */;
			compatibilityVersion = "Xcode 14.0";
			developmentRegion = en;
			hasScannedForEncodings = 0;
			knownRegions = (
				en,
				Base,
			);
			mainGroup = 04EBADF72AE68D9D005B79C5;
			productRefGroup = 04EBAE012AE68D9D005B79C5 /* Products */;
			projectDirPath = "";
			projectRoot = "";
			targets = (
				04EBADFF2AE68D9D005B79C5 /* BTCtoUSD */,
				04EBAE162AE68DEF005B79C5 /* BTCtoUSDTests */,
				04EBAE252AE69D38005B79C5 /* BTCtoUSDUITests */,
			);
		};
/* End PBXProject section */

/* Begin PBXResourcesBuildPhase section */
		04EBADFE2AE68D9D005B79C5 /* Resources */ = {
			isa = PBXResourcesBuildPhase;
			buildActionMask = 2147483647;
			files = (
				04EBAE0B2AE68D9F005B79C5 /* Preview Assets.xcassets in Resources */,
				04EBAE082AE68D9F005B79C5 /* Assets.xcassets in Resources */,
			);
			runOnlyForDeploymentPostprocessing = 0;
		};
		04EBAE152AE68DEF005B79C5 /* Resources */ = {
			isa = PBXResourcesBuildPhase;
			buildActionMask = 2147483647;
			files = (
			);
			runOnlyForDeploymentPostprocessing = 0;
		};
		04EBAE242AE69D38005B79C5 /* Resources */ = {
			isa = PBXResourcesBuildPhase;
			buildActionMask = 2147483647;
			files = (
			);
			runOnlyForDeploymentPostprocessing = 0;
		};
/* End PBXResourcesBuildPhase section */

/* Begin PBXSourcesBuildPhase section */
		04EBADFC2AE68D9D005B79C5 /* Sources */ = {
			isa = PBXSourcesBuildPhase;
			buildActionMask = 2147483647;
			files = (
				04EBAE062AE68D9D005B79C5 /* ContentView.swift in Sources */,
				04EBAE122AE68DB2005B79C5 /* Converter.swift in Sources */,
				04EBAE042AE68D9D005B79C5 /* BTCtoUSDApp.swift in Sources */,
			);
			runOnlyForDeploymentPostprocessing = 0;
		};
		04EBAE132AE68DEF005B79C5 /* Sources */ = {
			isa = PBXSourcesBuildPhase;
			buildActionMask = 2147483647;
			files = (
				04EBAE212AE68E14005B79C5 /* Converter.swift in Sources */,
				04EBAE1A2AE68DF0005B79C5 /* BTCtoUSDTests.swift in Sources */,
			);
			runOnlyForDeploymentPostprocessing = 0;
		};
		04EBAE222AE69D38005B79C5 /* Sources */ = {
			isa = PBXSourcesBuildPhase;
			buildActionMask = 2147483647;
			files = (
				04EBAE2B2AE69D38005B79C5 /* BTCtoUSDUITestsLaunchTests.swift in Sources */,
				04EBAE292AE69D38005B79C5 /* BTCtoUSDUITests.swift in Sources */,
			);
			runOnlyForDeploymentPostprocessing = 0;
		};
/* End PBXSourcesBuildPhase section */

/* Begin PBXTargetDependency section */
		04EBAE1C2AE68DF0005B79C5 /* PBXTargetDependency */ = {
			isa = PBXTargetDependency;
			target = 04EBADFF2AE68D9D005B79C5 /* BTCtoUSD */;
			targetProxy = 04EBAE1B2AE68DF0005B79C5 /* PBXContainerItemProxy */;
		};
		04EBAE2D2AE69D38005B79C5 /* PBXTargetDependency */ = {
			isa = PBXTargetDependency;
			target = 04EBADFF2AE68D9D005B79C5 /* BTCtoUSD */;
			targetProxy = 04EBAE2C2AE69D38005B79C5 /* PBXContainerItemProxy */;
		};
/* End PBXTargetDependency section */

/* Begin XCBuildConfiguration section */
		04EBAE0C2AE68D9F005B79C5 /* Debug */ = {
			isa = XCBuildConfiguration;
			buildSettings = {
				ALWAYS_SEARCH_USER_PATHS = NO;
				ASSETCATALOG_COMPILER_GENERATE_SWIFT_ASSET_SYMBOL_EXTENSIONS = YES;
				CLANG_ANALYZER_NONNULL = YES;
				CLANG_ANALYZER_NUMBER_OBJECT_CONVERSION = YES_AGGRESSIVE;
				CLANG_CXX_LANGUAGE_STANDARD = "gnu++20";
				CLANG_ENABLE_MODULES = YES;
				CLANG_ENABLE_OBJC_ARC = YES;
				CLANG_ENABLE_OBJC_WEAK = YES;
				CLANG_WARN_BLOCK_CAPTURE_AUTORELEASING = YES;
				CLANG_WARN_BOOL_CONVERSION = YES;
				CLANG_WARN_COMMA = YES;
				CLANG_WARN_CONSTANT_CONVERSION = YES;
				CLANG_WARN_DEPRECATED_OBJC_IMPLEMENTATIONS = YES;
				CLANG_WARN_DIRECT_OBJC_ISA_USAGE = YES_ERROR;
				CLANG_WARN_DOCUMENTATION_COMMENTS = YES;
				CLANG_WARN_EMPTY_BODY = YES;
				CLANG_WARN_ENUM_CONVERSION = YES;
				CLANG_WARN_INFINITE_RECURSION = YES;
				CLANG_WARN_INT_CONVERSION = YES;
				CLANG_WARN_NON_LITERAL_NULL_CONVERSION = YES;
				CLANG_WARN_OBJC_IMPLICIT_RETAIN_SELF = YES;
				CLANG_WARN_OBJC_LITERAL_CONVERSION = YES;
				CLANG_WARN_OBJC_ROOT_CLASS = YES_ERROR;
				CLANG_WARN_QUOTED_INCLUDE_IN_FRAMEWORK_HEADER = YES;
				CLANG_WARN_RANGE_LOOP_ANALYSIS = YES;
				CLANG_WARN_STRICT_PROTOTYPES = YES;
				CLANG_WARN_SUSPICIOUS_MOVE = YES;
				CLANG_WARN_UNGUARDED_AVAILABILITY = YES_AGGRESSIVE;
				CLANG_WARN_UNREACHABLE_CODE = YES;
				CLANG_WARN__DUPLICATE_METHOD_MATCH = YES;
				COPY_PHASE_STRIP = NO;
				DEBUG_INFORMATION_FORMAT = dwarf;
				ENABLE_STRICT_OBJC_MSGSEND = YES;
				ENABLE_TESTABILITY = YES;
				ENABLE_USER_SCRIPT_SANDBOXING = YES;
				GCC_C_LANGUAGE_STANDARD = gnu17;
				GCC_DYNAMIC_NO_PIC = NO;
				GCC_NO_COMMON_BLOCKS = YES;
				GCC_OPTIMIZATION_LEVEL = 0;
				GCC_PREPROCESSOR_DEFINITIONS = (
					"DEBUG=1",
					"$(inherited)",
				);
				GCC_WARN_64_TO_32_BIT_CONVERSION = YES;
				GCC_WARN_ABOUT_RETURN_TYPE = YES_ERROR;
				GCC_WARN_UNDECLARED_SELECTOR = YES;
				GCC_WARN_UNINITIALIZED_AUTOS = YES_AGGRESSIVE;
				GCC_WARN_UNUSED_FUNCTION = YES;
				GCC_WARN_UNUSED_VARIABLE = YES;
				IPHONEOS_DEPLOYMENT_TARGET = 17.0;
				LOCALIZATION_PREFERS_STRING_CATALOGS = YES;
				MTL_ENABLE_DEBUG_INFO = INCLUDE_SOURCE;
				MTL_FAST_MATH = YES;
				ONLY_ACTIVE_ARCH = YES;
				SDKROOT = iphoneos;
				SWIFT_ACTIVE_COMPILATION_CONDITIONS = "DEBUG $(inherited)";
				SWIFT_OPTIMIZATION_LEVEL = "-Onone";
			};
			name = Debug;
		};
		04EBAE0D2AE68D9F005B79C5 /* Release */ = {
			isa = XCBuildConfiguration;
			buildSettings = {
				ALWAYS_SEARCH_USER_PATHS = NO;
				ASSETCATALOG_COMPILER_GENERATE_SWIFT_ASSET_SYMBOL_EXTENSIONS = YES;
				CLANG_ANALYZER_NONNULL = YES;
				CLANG_ANALYZER_NUMBER_OBJECT_CONVERSION = YES_AGGRESSIVE;
				CLANG_CXX_LANGUAGE_STANDARD = "gnu++20";
				CLANG_ENABLE_MODULES = YES;
				CLANG_ENABLE_OBJC_ARC = YES;
				CLANG_ENABLE_OBJC_WEAK = YES;
				CLANG_WARN_BLOCK_CAPTURE_AUTORELEASING = YES;
				CLANG_WARN_BOOL_CONVERSION = YES;
				CLANG_WARN_COMMA = YES;
				CLANG_WARN_CONSTANT_CONVERSION = YES;
				CLANG_WARN_DEPRECATED_OBJC_IMPLEMENTATIONS = YES;
				CLANG_WARN_DIRECT_OBJC_ISA_USAGE = YES_ERROR;
				CLANG_WARN_DOCUMENTATION_COMMENTS = YES;
				CLANG_WARN_EMPTY_BODY = YES;
				CLANG_WARN_ENUM_CONVERSION = YES;
				CLANG_WARN_INFINITE_RECURSION = YES;
				CLANG_WARN_INT_CONVERSION = YES;
				CLANG_WARN_NON_LITERAL_NULL_CONVERSION = YES;
				CLANG_WARN_OBJC_IMPLICIT_RETAIN_SELF = YES;
				CLANG_WARN_OBJC_LITERAL_CONVERSION = YES;
				CLANG_WARN_OBJC_ROOT_CLASS = YES_ERROR;
				CLANG_WARN_QUOTED_INCLUDE_IN_FRAMEWORK_HEADER = YES;
				CLANG_WARN_RANGE_LOOP_ANALYSIS = YES;
				CLANG_WARN_STRICT_PROTOTYPES = YES;
				CLANG_WARN_SUSPICIOUS_MOVE = YES;
				CLANG_WARN_UNGUARDED_AVAILABILITY = YES_AGGRESSIVE;
				CLANG_WARN_UNREACHABLE_CODE = YES;
				CLANG_WARN__DUPLICATE_METHOD_MATCH = YES;
				COPY_PHASE_STRIP = NO;
				DEBUG_INFORMATION_FORMAT = "dwarf-with-dsym";
				ENABLE_NS_ASSERTIONS = NO;
				ENABLE_STRICT_OBJC_MSGSEND = YES;
				ENABLE_USER_SCRIPT_SANDBOXING = YES;
				GCC_C_LANGUAGE_STANDARD = gnu17;
				GCC_NO_COMMON_BLOCKS = YES;
				GCC_WARN_64_TO_32_BIT_CONVERSION = YES;
				GCC_WARN_ABOUT_RETURN_TYPE = YES_ERROR;
				GCC_WARN_UNDECLARED_SELECTOR = YES;
				GCC_WARN_UNINITIALIZED_AUTOS = YES_AGGRESSIVE;
				GCC_WARN_UNUSED_FUNCTION = YES;
				GCC_WARN_UNUSED_VARIABLE = YES;
				IPHONEOS_DEPLOYMENT_TARGET = 17.0;
				LOCALIZATION_PREFERS_STRING_CATALOGS = YES;
				MTL_ENABLE_DEBUG_INFO = NO;
				MTL_FAST_MATH = YES;
				SDKROOT = iphoneos;
				SWIFT_COMPILATION_MODE = wholemodule;
				VALIDATE_PRODUCT = YES;
			};
			name = Release;
		};
		04EBAE0F2AE68D9F005B79C5 /* Debug */ = {
			isa = XCBuildConfiguration;
			buildSettings = {
				ASSETCATALOG_COMPILER_APPICON_NAME = AppIcon;
				ASSETCATALOG_COMPILER_GLOBAL_ACCENT_COLOR_NAME = AccentColor;
				CODE_SIGN_STYLE = Automatic;
				CURRENT_PROJECT_VERSION = 1;
				DEVELOPMENT_ASSET_PATHS = "\"BTCtoUSD/Preview Content\"";
				ENABLE_PREVIEWS = YES;
				GENERATE_INFOPLIST_FILE = YES;
				INFOPLIST_KEY_UIApplicationSceneManifest_Generation = YES;
				INFOPLIST_KEY_UIApplicationSupportsIndirectInputEvents = YES;
				INFOPLIST_KEY_UILaunchScreen_Generation = YES;
				INFOPLIST_KEY_UISupportedInterfaceOrientations_iPad = "UIInterfaceOrientationPortrait UIInterfaceOrientationPortraitUpsideDown UIInterfaceOrientationLandscapeLeft UIInterfaceOrientationLandscapeRight";
				INFOPLIST_KEY_UISupportedInterfaceOrientations_iPhone = "UIInterfaceOrientationPortrait UIInterfaceOrientationLandscapeLeft UIInterfaceOrientationLandscapeRight";
				LD_RUNPATH_SEARCH_PATHS = (
					"$(inherited)",
					"@executable_path/Frameworks",
				);
				MARKETING_VERSION = 1.0;
				PRODUCT_BUNDLE_IDENTIFIER = example.com.BTCtoUSD;
				PRODUCT_NAME = "$(TARGET_NAME)";
				SWIFT_EMIT_LOC_STRINGS = YES;
				SWIFT_VERSION = 5.0;
				TARGETED_DEVICE_FAMILY = "1,2";
			};
			name = Debug;
		};
		04EBAE102AE68D9F005B79C5 /* Release */ = {
			isa = XCBuildConfiguration;
			buildSettings = {
				ASSETCATALOG_COMPILER_APPICON_NAME = AppIcon;
				ASSETCATALOG_COMPILER_GLOBAL_ACCENT_COLOR_NAME = AccentColor;
				CODE_SIGN_STYLE = Automatic;
				CURRENT_PROJECT_VERSION = 1;
				DEVELOPMENT_ASSET_PATHS = "\"BTCtoUSD/Preview Content\"";
				ENABLE_PREVIEWS = YES;
				GENERATE_INFOPLIST_FILE = YES;
				INFOPLIST_KEY_UIApplicationSceneManifest_Generation = YES;
				INFOPLIST_KEY_UIApplicationSupportsIndirectInputEvents = YES;
				INFOPLIST_KEY_UILaunchScreen_Generation = YES;
				INFOPLIST_KEY_UISupportedInterfaceOrientations_iPad = "UIInterfaceOrientationPortrait UIInterfaceOrientationPortraitUpsideDown UIInterfaceOrientationLandscapeLeft UIInterfaceOrientationLandscapeRight";
				INFOPLIST_KEY_UISupportedInterfaceOrientations_iPhone = "UIInterfaceOrientationPortrait UIInterfaceOrientationLandscapeLeft UIInterfaceOrientationLandscapeRight";
				LD_RUNPATH_SEARCH_PATHS = (
					"$(inherited)",
					"@executable_path/Frameworks",
				);
				MARKETING_VERSION = 1.0;
				PRODUCT_BUNDLE_IDENTIFIER = example.com.BTCtoUSD;
				PRODUCT_NAME = "$(TARGET_NAME)";
				SWIFT_EMIT_LOC_STRINGS = YES;
				SWIFT_VERSION = 5.0;
				TARGETED_DEVICE_FAMILY = "1,2";
			};
			name = Release;
		};
		04EBAE1E2AE68DF0005B79C5 /* Debug */ = {
			isa = XCBuildConfiguration;
			buildSettings = {
				BUNDLE_LOADER = "$(TEST_HOST)";
				CODE_SIGN_STYLE = Automatic;
				CURRENT_PROJECT_VERSION = 1;
				GENERATE_INFOPLIST_FILE = YES;
				MARKETING_VERSION = 1.0;
				PRODUCT_BUNDLE_IDENTIFIER = example.com.BTCtoUSDTests;
				PRODUCT_NAME = "$(TARGET_NAME)";
				SWIFT_EMIT_LOC_STRINGS = NO;
				SWIFT_VERSION = 5.0;
				TARGETED_DEVICE_FAMILY = "1,2";
				TEST_HOST = "$(BUILT_PRODUCTS_DIR)/BTCtoUSD.app/$(BUNDLE_EXECUTABLE_FOLDER_PATH)/BTCtoUSD";
			};
			name = Debug;
		};
		04EBAE1F2AE68DF0005B79C5 /* Release */ = {
			isa = XCBuildConfiguration;
			buildSettings = {
				BUNDLE_LOADER = "$(TEST_HOST)";
				CODE_SIGN_STYLE = Automatic;
				CURRENT_PROJECT_VERSION = 1;
				GENERATE_INFOPLIST_FILE = YES;
				MARKETING_VERSION = 1.0;
				PRODUCT_BUNDLE_IDENTIFIER = example.com.BTCtoUSDTests;
				PRODUCT_NAME = "$(TARGET_NAME)";
				SWIFT_EMIT_LOC_STRINGS = NO;
				SWIFT_VERSION = 5.0;
				TARGETED_DEVICE_FAMILY = "1,2";
				TEST_HOST = "$(BUILT_PRODUCTS_DIR)/BTCtoUSD.app/$(BUNDLE_EXECUTABLE_FOLDER_PATH)/BTCtoUSD";
			};
			name = Release;
		};
		04EBAE2F2AE69D38005B79C5 /* Debug */ = {
			isa = XCBuildConfiguration;
			buildSettings = {
				CODE_SIGN_STYLE = Automatic;
				CURRENT_PROJECT_VERSION = 1;
				GENERATE_INFOPLIST_FILE = YES;
				MARKETING_VERSION = 1.0;
				PRODUCT_BUNDLE_IDENTIFIER = example.com.BTCtoUSDUITests;
				PRODUCT_NAME = "$(TARGET_NAME)";
				SWIFT_EMIT_LOC_STRINGS = NO;
				SWIFT_VERSION = 5.0;
				TARGETED_DEVICE_FAMILY = "1,2";
				TEST_TARGET_NAME = BTCtoUSD;
			};
			name = Debug;
		};
		04EBAE302AE69D38005B79C5 /* Release */ = {
			isa = XCBuildConfiguration;
			buildSettings = {
				CODE_SIGN_STYLE = Automatic;
				CURRENT_PROJECT_VERSION = 1;
				GENERATE_INFOPLIST_FILE = YES;
				MARKETING_VERSION = 1.0;
				PRODUCT_BUNDLE_IDENTIFIER = example.com.BTCtoUSDUITests;
				PRODUCT_NAME = "$(TARGET_NAME)";
				SWIFT_EMIT_LOC_STRINGS = NO;
				SWIFT_VERSION = 5.0;
				TARGETED_DEVICE_FAMILY = "1,2";
				TEST_TARGET_NAME = BTCtoUSD;
			};
			name = Release;
		};
/* End XCBuildConfiguration section */

/* Begin XCConfigurationList section */
		04EBADFB2AE68D9D005B79C5 /* Build configuration list for PBXProject "BTCtoUSD" */ = {
			isa = XCConfigurationList;
			buildConfigurations = (
				04EBAE0C2AE68D9F005B79C5 /* Debug */,
				04EBAE0D2AE68D9F005B79C5 /* Release */,
			);
			defaultConfigurationIsVisible = 0;
			defaultConfigurationName = Release;
		};
		04EBAE0E2AE68D9F005B79C5 /* Build configuration list for PBXNativeTarget "BTCtoUSD" */ = {
			isa = XCConfigurationList;
			buildConfigurations = (
				04EBAE0F2AE68D9F005B79C5 /* Debug */,
				04EBAE102AE68D9F005B79C5 /* Release */,
			);
			defaultConfigurationIsVisible = 0;
			defaultConfigurationName = Release;
		};
		04EBAE1D2AE68DF0005B79C5 /* Build configuration list for PBXNativeTarget "BTCtoUSDTests" */ = {
			isa = XCConfigurationList;
			buildConfigurations = (
				04EBAE1E2AE68DF0005B79C5 /* Debug */,
				04EBAE1F2AE68DF0005B79C5 /* Release */,
			);
			defaultConfigurationIsVisible = 0;
			defaultConfigurationName = Release;
		};
		04EBAE2E2AE69D38005B79C5 /* Build configuration list for PBXNativeTarget "BTCtoUSDUITests" */ = {
			isa = XCConfigurationList;
			buildConfigurations = (
				04EBAE2F2AE69D38005B79C5 /* Debug */,
				04EBAE302AE69D38005B79C5 /* Release */,
			);
			defaultConfigurationIsVisible = 0;
			defaultConfigurationName = Release;
		};
/* End XCConfigurationList section */
	};
	rootObject = 04EBADF82AE68D9D005B79C5 /* Project object */;
}
